
Microsoft Visual Studio Solution File, Format Version 12.00
# Visual Studio Version 17
VisualStudioVersion = 17.1.32328.378
MinimumVisualStudioVersion = 10.0.40219.1
Project("{8BC9CEB8-8B4A-11D0-8D11-00A0C91BC942}") = "pipeline", "pipeline\pipeline.vcxproj", "{D0C74555-A6C1-48BC-B5B6-80051EBCD5EC}"
EndProject
Project("{8BC9CEB8-8B4A-11D0-8D11-00A0C91BC942}") = "test_main", "test_main\test_main.vcxproj", "{BE3AEF7A-415D-45F1-AD6F-9695838929F3}"
	ProjectSection(ProjectDependencies) = postProject
		{D0C74555-A6C1-48BC-B5B6-80051EBCD5EC} = {D0C74555-A6C1-48BC-B5B6-80051EBCD5EC}
	EndProjectSection
EndProject
Project("{8BC9CEB8-8B4A-11D0-8D11-00A0C91BC942}") = "g_parser", "g_parser\g_parser.vcxproj", "{A96C7E92-34C2-4CEE-8F4B-E038260E7C86}"
	ProjectSection(ProjectDependencies) = postProject
		{D0C74555-A6C1-48BC-B5B6-80051EBCD5EC} = {D0C74555-A6C1-48BC-B5B6-80051EBCD5EC}
	EndProjectSection
EndProject
Global
	GlobalSection(SolutionConfigurationPlatforms) = preSolution
		Debug|x64 = Debug|x64
		Debug|x86 = Debug|x86
		Release|x64 = Release|x64
		Release|x86 = Release|x86
	EndGlobalSection
	GlobalSection(ProjectConfigurationPlatforms) = postSolution
		{D0C74555-A6C1-48BC-B5B6-80051EBCD5EC}.Debug|x64.ActiveCfg = Debug|x64
		{D0C74555-A6C1-48BC-B5B6-80051EBCD5EC}.Debug|x64.Build.0 = Debug|x64
		{D0C74555-A6C1-48BC-B5B6-80051EBCD5EC}.Debug|x86.ActiveCfg = Debug|Win32
		{D0C74555-A6C1-48BC-B5B6-80051EBCD5EC}.Debug|x86.Build.0 = Debug|Win32
		{D0C74555-A6C1-48BC-B5B6-80051EBCD5EC}.Release|x64.ActiveCfg = Release|x64
		{D0C74555-A6C1-48BC-B5B6-80051EBCD5EC}.Release|x64.Build.0 = Release|x64
		{D0C74555-A6C1-48BC-B5B6-80051EBCD5EC}.Release|x86.ActiveCfg = Release|Win32
		{D0C74555-A6C1-48BC-B5B6-80051EBCD5EC}.Release|x86.Build.0 = Release|Win32
		{BE3AEF7A-415D-45F1-AD6F-9695838929F3}.Debug|x64.ActiveCfg = Debug|x64
		{BE3AEF7A-415D-45F1-AD6F-9695838929F3}.Debug|x64.Build.0 = Debug|x64
		{BE3AEF7A-415D-45F1-AD6F-9695838929F3}.Debug|x86.ActiveCfg = Debug|Win32
		{BE3AEF7A-415D-45F1-AD6F-9695838929F3}.Debug|x86.Build.0 = Debug|Win32
		{BE3AEF7A-415D-45F1-AD6F-9695838929F3}.Release|x64.ActiveCfg = Release|x64
		{BE3AEF7A-415D-45F1-AD6F-9695838929F3}.Release|x64.Build.0 = Release|x64
		{BE3AEF7A-415D-45F1-AD6F-9695838929F3}.Release|x86.ActiveCfg = Release|Win32
		{BE3AEF7A-415D-45F1-AD6F-9695838929F3}.Release|x86.Build.0 = Release|Win32
		{A96C7E92-34C2-4CEE-8F4B-E038260E7C86}.Debug|x64.ActiveCfg = Debug|x64
		{A96C7E92-34C2-4CEE-8F4B-E038260E7C86}.Debug|x64.Build.0 = Debug|x64
		{A96C7E92-34C2-4CEE-8F4B-E038260E7C86}.Debug|x86.ActiveCfg = Debug|Win32
		{A96C7E92-34C2-4CEE-8F4B-E038260E7C86}.Debug|x86.Build.0 = Debug|Win32
		{A96C7E92-34C2-4CEE-8F4B-E038260E7C86}.Release|x64.ActiveCfg = Release|x64
		{A96C7E92-34C2-4CEE-8F4B-E038260E7C86}.Release|x64.Build.0 = Release|x64
		{A96C7E92-34C2-4CEE-8F4B-E038260E7C86}.Release|x86.ActiveCfg = Release|Win32
		{A96C7E92-34C2-4CEE-8F4B-E038260E7C86}.Release|x86.Build.0 = Release|Win32
	EndGlobalSection
	GlobalSection(SolutionProperties) = preSolution
		HideSolutionNode = FALSE
	EndGlobalSection
	GlobalSection(ExtensibilityGlobals) = postSolution
		SolutionGuid = {17011424-0C3F-4839-8D74-374EC2160EDE}
	EndGlobalSection
EndGlobal
